
Microsoft Visual Studio Solution File, Format Version 12.00
# Visual Studio Version 17
VisualStudioVersion = 17.9.34728.123
MinimumVisualStudioVersion = 10.0.40219.1
Project("{FAE04EC0-301F-11D3-BF4B-00C04F79EFBC}") = "CodigoClase18", "CodigoClase18\CodigoClase18.csproj", "{8A30B0FB-5286-493F-91AB-ABF7D5D7840C}"
EndProject
Global
	GlobalSection(SolutionConfigurationPlatforms) = preSolution
		Debug|Any CPU = Debug|Any CPU
		Release|Any CPU = Release|Any CPU
	EndGlobalSection
	GlobalSection(ProjectConfigurationPlatforms) = postSolution
		{8A30B0FB-5286-493F-91AB-ABF7D5D7840C}.Debug|Any CPU.ActiveCfg = Debug|Any CPU
		{8A30B0FB-5286-493F-91AB-ABF7D5D7840C}.Debug|Any CPU.Build.0 = Debug|Any CPU
		{8A30B0FB-5286-493F-91AB-ABF7D5D7840C}.Release|Any CPU.ActiveCfg = Release|Any CPU
		{8A30B0FB-5286-493F-91AB-ABF7D5D7840C}.Release|Any CPU.Build.0 = Release|Any CPU
	EndGlobalSection
	GlobalSection(SolutionProperties) = preSolution
		HideSolutionNode = FALSE
	EndGlobalSection
	GlobalSection(ExtensibilityGlobals) = postSolution
		SolutionGuid = {F652165B-A16E-4C20-BC47-57CF95EEFBA9}
	EndGlobalSection
EndGlobal
